
Microsoft Visual Studio Solution File, Format Version 12.00
# Visual Studio Version 16
VisualStudioVersion = 16.0.29215.179
MinimumVisualStudioVersion = 10.0.40219.1
Project("{FAE04EC0-301F-11D3-BF4B-00C04F79EFBC}") = "GoogleTasksNET", "GoogleTasksNET\GoogleTasksNET.csproj", "{9159E5EB-4066-4902-BA80-C9A6E68BE0A4}"
EndProject
Global
	GlobalSection(SolutionConfigurationPlatforms) = preSolution
		Debug|Any CPU = Debug|Any CPU
		Release|Any CPU = Release|Any CPU
	EndGlobalSection
	GlobalSection(ProjectConfigurationPlatforms) = postSolution
		{9159E5EB-4066-4902-BA80-C9A6E68BE0A4}.Debug|Any CPU.ActiveCfg = Debug|Any CPU
		{9159E5EB-4066-4902-BA80-C9A6E68BE0A4}.Debug|Any CPU.Build.0 = Debug|Any CPU
		{9159E5EB-4066-4902-BA80-C9A6E68BE0A4}.Release|Any CPU.ActiveCfg = Release|Any CPU
		{9159E5EB-4066-4902-BA80-C9A6E68BE0A4}.Release|Any CPU.Build.0 = Release|Any CPU
	EndGlobalSection
	GlobalSection(SolutionProperties) = preSolution
		HideSolutionNode = FALSE
	EndGlobalSection
	GlobalSection(ExtensibilityGlobals) = postSolution
		SolutionGuid = {0F3F52C3-16C3-4047-B4BE-DB43B6920392}
	EndGlobalSection
EndGlobal
